
Microsoft Visual Studio Solution File, Format Version 12.00
# Visual Studio 15
VisualStudioVersion = 15.0.27428.2015
MinimumVisualStudioVersion = 10.0.40219.1
Project("{FAE04EC0-301F-11D3-BF4B-00C04F79EFBC}") = "App1.Android", "App1\App1.Android\App1.Android.csproj", "{9AC1E41F-A6B3-49FF-90BF-2170BE1C8B0F}"
EndProject
Project("{FAE04EC0-301F-11D3-BF4B-00C04F79EFBC}") = "App1.iOS", "App1\App1.iOS\App1.iOS.csproj", "{3BBA0FD1-4FC8-49EE-8181-9D84B80F3F15}"
EndProject
Project("{FAE04EC0-301F-11D3-BF4B-00C04F79EFBC}") = "App1", "App1\App1\App1.csproj", "{38534695-2B90-4930-87BB-296C76ABC29D}"
EndProject
Global
	GlobalSection(SolutionConfigurationPlatforms) = preSolution
		Ad-Hoc|Any CPU = Ad-Hoc|Any CPU
		Ad-Hoc|iPhone = Ad-Hoc|iPhone
		Ad-Hoc|iPhoneSimulator = Ad-Hoc|iPhoneSimulator
		AppStore|Any CPU = AppStore|Any CPU
		AppStore|iPhone = AppStore|iPhone
		AppStore|iPhoneSimulator = AppStore|iPhoneSimulator
		Debug|Any CPU = Debug|Any CPU
		Debug|iPhone = Debug|iPhone
		Debug|iPhoneSimulator = Debug|iPhoneSimulator
		Release|Any CPU = Release|Any CPU
		Release|iPhone = Release|iPhone
		Release|iPhoneSimulator = Release|iPhoneSimulator
	EndGlobalSection
	GlobalSection(ProjectConfigurationPlatforms) = postSolution
		{9AC1E41F-A6B3-49FF-90BF-2170BE1C8B0F}.Ad-Hoc|Any CPU.ActiveCfg = Release|Any CPU
		{9AC1E41F-A6B3-49FF-90BF-2170BE1C8B0F}.Ad-Hoc|Any CPU.Build.0 = Release|Any CPU
		{9AC1E41F-A6B3-49FF-90BF-2170BE1C8B0F}.Ad-Hoc|Any CPU.Deploy.0 = Release|Any CPU
		{9AC1E41F-A6B3-49FF-90BF-2170BE1C8B0F}.Ad-Hoc|iPhone.ActiveCfg = Release|Any CPU
		{9AC1E41F-A6B3-49FF-90BF-2170BE1C8B0F}.Ad-Hoc|iPhone.Build.0 = Release|Any CPU
		{9AC1E41F-A6B3-49FF-90BF-2170BE1C8B0F}.Ad-Hoc|iPhone.Deploy.0 = Release|Any CPU
		{9AC1E41F-A6B3-49FF-90BF-2170BE1C8B0F}.Ad-Hoc|iPhoneSimulator.ActiveCfg = Release|Any CPU
		{9AC1E41F-A6B3-49FF-90BF-2170BE1C8B0F}.Ad-Hoc|iPhoneSimulator.Build.0 = Release|Any CPU
		{9AC1E41F-A6B3-49FF-90BF-2170BE1C8B0F}.Ad-Hoc|iPhoneSimulator.Deploy.0 = Release|Any CPU
		{9AC1E41F-A6B3-49FF-90BF-2170BE1C8B0F}.AppStore|Any CPU.ActiveCfg = Release|Any CPU
		{9AC1E41F-A6B3-49FF-90BF-2170BE1C8B0F}.AppStore|Any CPU.Build.0 = Release|Any CPU
		{9AC1E41F-A6B3-49FF-90BF-2170BE1C8B0F}.AppStore|Any CPU.Deploy.0 = Release|Any CPU
		{9AC1E41F-A6B3-49FF-90BF-2170BE1C8B0F}.AppStore|iPhone.ActiveCfg = Release|Any CPU
		{9AC1E41F-A6B3-49FF-90BF-2170BE1C8B0F}.AppStore|iPhone.Build.0 = Release|Any CPU
		{9AC1E41F-A6B3-49FF-90BF-2170BE1C8B0F}.AppStore|iPhone.Deploy.0 = Release|Any CPU
		{9AC1E41F-A6B3-49FF-90BF-2170BE1C8B0F}.AppStore|iPhoneSimulator.ActiveCfg = Release|Any CPU
		{9AC1E41F-A6B3-49FF-90BF-2170BE1C8B0F}.AppStore|iPhoneSimulator.Build.0 = Release|Any CPU
		{9AC1E41F-A6B3-49FF-90BF-2170BE1C8B0F}.AppStore|iPhoneSimulator.Deploy.0 = Release|Any CPU
		{9AC1E41F-A6B3-49FF-90BF-2170BE1C8B0F}.Debug|Any CPU.ActiveCfg = Debug|Any CPU
		{9AC1E41F-A6B3-49FF-90BF-2170BE1C8B0F}.Debug|Any CPU.Build.0 = Debug|Any CPU
		{9AC1E41F-A6B3-49FF-90BF-2170BE1C8B0F}.Debug|Any CPU.Deploy.0 = Debug|Any CPU
		{9AC1E41F-A6B3-49FF-90BF-2170BE1C8B0F}.Debug|iPhone.ActiveCfg = Debug|Any CPU
		{9AC1E41F-A6B3-49FF-90BF-2170BE1C8B0F}.Debug|iPhone.Build.0 = Debug|Any CPU
		{9AC1E41F-A6B3-49FF-90BF-2170BE1C8B0F}.Debug|iPhone.Deploy.0 = Debug|Any CPU
		{9AC1E41F-A6B3-49FF-90BF-2170BE1C8B0F}.Debug|iPhoneSimulator.ActiveCfg = Debug|Any CPU
		{9AC1E41F-A6B3-49FF-90BF-2170BE1C8B0F}.Debug|iPhoneSimulator.Build.0 = Debug|Any CPU
		{9AC1E41F-A6B3-49FF-90BF-2170BE1C8B0F}.Debug|iPhoneSimulator.Deploy.0 = Debug|Any CPU
		{9AC1E41F-A6B3-49FF-90BF-2170BE1C8B0F}.Release|Any CPU.ActiveCfg = Release|Any CPU
		{9AC1E41F-A6B3-49FF-90BF-2170BE1C8B0F}.Release|Any CPU.Build.0 = Release|Any CPU
		{9AC1E41F-A6B3-49FF-90BF-2170BE1C8B0F}.Release|Any CPU.Deploy.0 = Release|Any CPU
		{9AC1E41F-A6B3-49FF-90BF-2170BE1C8B0F}.Release|iPhone.ActiveCfg = Release|Any CPU
		{9AC1E41F-A6B3-49FF-90BF-2170BE1C8B0F}.Release|iPhone.Build.0 = Release|Any CPU
		{9AC1E41F-A6B3-49FF-90BF-2170BE1C8B0F}.Release|iPhone.Deploy.0 = Release|Any CPU
		{9AC1E41F-A6B3-49FF-90BF-2170BE1C8B0F}.Release|iPhoneSimulator.ActiveCfg = Release|Any CPU
		{9AC1E41F-A6B3-49FF-90BF-2170BE1C8B0F}.Release|iPhoneSimulator.Build.0 = Release|Any CPU
		{9AC1E41F-A6B3-49FF-90BF-2170BE1C8B0F}.Release|iPhoneSimulator.Deploy.0 = Release|Any CPU
		{3BBA0FD1-4FC8-49EE-8181-9D84B80F3F15}.Ad-Hoc|Any CPU.ActiveCfg = Ad-Hoc|iPhone
		{3BBA0FD1-4FC8-49EE-8181-9D84B80F3F15}.Ad-Hoc|iPhone.ActiveCfg = Ad-Hoc|iPhone
		{3BBA0FD1-4FC8-49EE-8181-9D84B80F3F15}.Ad-Hoc|iPhone.Build.0 = Ad-Hoc|iPhone
		{3BBA0FD1-4FC8-49EE-8181-9D84B80F3F15}.Ad-Hoc|iPhoneSimulator.ActiveCfg = Ad-Hoc|iPhoneSimulator
		{3BBA0FD1-4FC8-49EE-8181-9D84B80F3F15}.Ad-Hoc|iPhoneSimulator.Build.0 = Ad-Hoc|iPhoneSimulator
		{3BBA0FD1-4FC8-49EE-8181-9D84B80F3F15}.AppStore|Any CPU.ActiveCfg = AppStore|iPhone
		{3BBA0FD1-4FC8-49EE-8181-9D84B80F3F15}.AppStore|iPhone.ActiveCfg = AppStore|iPhone
		{3BBA0FD1-4FC8-49EE-8181-9D84B80F3F15}.AppStore|iPhone.Build.0 = AppStore|iPhone
		{3BBA0FD1-4FC8-49EE-8181-9D84B80F3F15}.AppStore|iPhoneSimulator.ActiveCfg = AppStore|iPhoneSimulator
		{3BBA0FD1-4FC8-49EE-8181-9D84B80F3F15}.AppStore|iPhoneSimulator.Build.0 = AppStore|iPhoneSimulator
		{3BBA0FD1-4FC8-49EE-8181-9D84B80F3F15}.Debug|Any CPU.ActiveCfg = Debug|iPhone
		{3BBA0FD1-4FC8-49EE-8181-9D84B80F3F15}.Debug|iPhone.ActiveCfg = Debug|iPhone
		{3BBA0FD1-4FC8-49EE-8181-9D84B80F3F15}.Debug|iPhone.Build.0 = Debug|iPhone
		{3BBA0FD1-4FC8-49EE-8181-9D84B80F3F15}.Debug|iPhoneSimulator.ActiveCfg = Debug|iPhoneSimulator
		{3BBA0FD1-4FC8-49EE-8181-9D84B80F3F15}.Debug|iPhoneSimulator.Build.0 = Debug|iPhoneSimulator
		{3BBA0FD1-4FC8-49EE-8181-9D84B80F3F15}.Release|Any CPU.ActiveCfg = Release|iPhone
		{3BBA0FD1-4FC8-49EE-8181-9D84B80F3F15}.Release|iPhone.ActiveCfg = Release|iPhone
		{3BBA0FD1-4FC8-49EE-8181-9D84B80F3F15}.Release|iPhone.Build.0 = Release|iPhone
		{3BBA0FD1-4FC8-49EE-8181-9D84B80F3F15}.Release|iPhoneSimulator.ActiveCfg = Release|iPhoneSimulator
		{3BBA0FD1-4FC8-49EE-8181-9D84B80F3F15}.Release|iPhoneSimulator.Build.0 = Release|iPhoneSimulator
		{38534695-2B90-4930-87BB-296C76ABC29D}.Ad-Hoc|Any CPU.ActiveCfg = Debug|Any CPU
		{38534695-2B90-4930-87BB-296C76ABC29D}.Ad-Hoc|Any CPU.Build.0 = Debug|Any CPU
		{38534695-2B90-4930-87BB-296C76ABC29D}.Ad-Hoc|iPhone.ActiveCfg = Debug|Any CPU
		{38534695-2B90-4930-87BB-296C76ABC29D}.Ad-Hoc|iPhone.Build.0 = Debug|Any CPU
		{38534695-2B90-4930-87BB-296C76ABC29D}.Ad-Hoc|iPhoneSimulator.ActiveCfg = Debug|Any CPU
		{38534695-2B90-4930-87BB-296C76ABC29D}.Ad-Hoc|iPhoneSimulator.Build.0 = Debug|Any CPU
		{38534695-2B90-4930-87BB-296C76ABC29D}.AppStore|Any CPU.ActiveCfg = Debug|Any CPU
		{38534695-2B90-4930-87BB-296C76ABC29D}.AppStore|Any CPU.Build.0 = Debug|Any CPU
		{38534695-2B90-4930-87BB-296C76ABC29D}.AppStore|iPhone.ActiveCfg = Debug|Any CPU
		{38534695-2B90-4930-87BB-296C76ABC29D}.AppStore|iPhone.Build.0 = Debug|Any CPU
		{38534695-2B90-4930-87BB-296C76ABC29D}.AppStore|iPhoneSimulator.ActiveCfg = Debug|Any CPU
		{38534695-2B90-4930-87BB-296C76ABC29D}.AppStore|iPhoneSimulator.Build.0 = Debug|Any CPU
		{38534695-2B90-4930-87BB-296C76ABC29D}.Debug|Any CPU.ActiveCfg = Debug|Any CPU
		{38534695-2B90-4930-87BB-296C76ABC29D}.Debug|Any CPU.Build.0 = Debug|Any CPU
		{38534695-2B90-4930-87BB-296C76ABC29D}.Debug|iPhone.ActiveCfg = Debug|Any CPU
		{38534695-2B90-4930-87BB-296C76ABC29D}.Debug|iPhone.Build.0 = Debug|Any CPU
		{38534695-2B90-4930-87BB-296C76ABC29D}.Debug|iPhoneSimulator.ActiveCfg = Debug|Any CPU
		{38534695-2B90-4930-87BB-296C76ABC29D}.Debug|iPhoneSimulator.Build.0 = Debug|Any CPU
		{38534695-2B90-4930-87BB-296C76ABC29D}.Release|Any CPU.ActiveCfg = Release|Any CPU
		{38534695-2B90-4930-87BB-296C76ABC29D}.Release|Any CPU.Build.0 = Release|Any CPU
		{38534695-2B90-4930-87BB-296C76ABC29D}.Release|iPhone.ActiveCfg = Release|Any CPU
		{38534695-2B90-4930-87BB-296C76ABC29D}.Release|iPhone.Build.0 = Release|Any CPU
		{38534695-2B90-4930-87BB-296C76ABC29D}.Release|iPhoneSimulator.ActiveCfg = Release|Any CPU
		{38534695-2B90-4930-87BB-296C76ABC29D}.Release|iPhoneSimulator.Build.0 = Release|Any CPU
	EndGlobalSection
	GlobalSection(SolutionProperties) = preSolution
		HideSolutionNode = FALSE
	EndGlobalSection
	GlobalSection(ExtensibilityGlobals) = postSolution
		SolutionGuid = {630D5846-5CD7-4CFB-B66D-7C8AFBC30FCF}
	EndGlobalSection
EndGlobal
