
Microsoft Visual Studio Solution File, Format Version 12.00
# Visual Studio 15
VisualStudioVersion = 15.0.27428.1
MinimumVisualStudioVersion = 10.0.40219.1
Project("{FAE04EC0-301F-11D3-BF4B-00C04F79EFBC}") = "ParkAndRide-REST", "ParkAndRide-REST\ParkAndRide-REST.csproj", "{DA8C9CBF-D245-48B3-A280-73B407168D7B}"
EndProject
Global
	GlobalSection(SolutionConfigurationPlatforms) = preSolution
		Debug|Any CPU = Debug|Any CPU
		Release|Any CPU = Release|Any CPU
	EndGlobalSection
	GlobalSection(ProjectConfigurationPlatforms) = postSolution
		{DA8C9CBF-D245-48B3-A280-73B407168D7B}.Debug|Any CPU.ActiveCfg = Debug|Any CPU
		{DA8C9CBF-D245-48B3-A280-73B407168D7B}.Debug|Any CPU.Build.0 = Debug|Any CPU
		{DA8C9CBF-D245-48B3-A280-73B407168D7B}.Release|Any CPU.ActiveCfg = Release|Any CPU
		{DA8C9CBF-D245-48B3-A280-73B407168D7B}.Release|Any CPU.Build.0 = Release|Any CPU
	EndGlobalSection
	GlobalSection(SolutionProperties) = preSolution
		HideSolutionNode = FALSE
	EndGlobalSection
	GlobalSection(ExtensibilityGlobals) = postSolution
		SolutionGuid = {8876FF79-BB70-47C5-8C26-0A4AD6AFAA6F}
	EndGlobalSection
EndGlobal
